{
  "object": {
    "pins": [
      {
        "package": "ColorizeSwift",
        "repositoryURL": "https://github.com/mtynior/ColorizeSwift.git",
        "state": {
          "branch": null,
          "revision": "2a354639173d021f4648cf1912b2b00a3a7cd83c",
          "version": "1.6.0"
        }
      },
      {
        "package": "Pluma",
        "repositoryURL": "git@github.com:betzerra/Pluma.git",
        "state": {
          "branch": "main",
          "revision": "9193be39fecc572e7e28101a277612b1e8e38c36",
          "version": null
        }
      },
      {
        "package": "swift-argument-parser",
        "repositoryURL": "git@github.com:apple/swift-argument-parser.git",
        "state": {
          "branch": null,
          "revision": "82905286cc3f0fa8adc4674bf49437cab65a8373",
          "version": "1.1.1"
        }
      }
    ]
  },
  "version": 1
}
